// !$*UTF8*$!
{
	archiveVersion = 1;
	classes = {
	};
	objectVersion = 46;
	objects = {

/* Begin PBXBuildFile section */
		261596F11C85F4CC005B2BAD /* main.m in Sources */ = {isa = PBXBuildFile; fileRef = 261596F01C85F4CC005B2BAD /* main.m */; };
		261596F41C85F4CC005B2BAD /* AppDelegate.m in Sources */ = {isa = PBXBuildFile; fileRef = 261596F31C85F4CC005B2BAD /* AppDelegate.m */; };
		261596FC1C85F4CC005B2BAD /* Assets.xcassets in Resources */ = {isa = PBXBuildFile; fileRef = 261596FB1C85F4CC005B2BAD /* Assets.xcassets */; };
		261596FF1C85F4CC005B2BAD /* LaunchScreen.storyboard in Resources */ = {isa = PBXBuildFile; fileRef = 261596FD1C85F4CC005B2BAD /* LaunchScreen.storyboard */; };
		261597081C85F528005B2BAD /* HomeViewController.m in Sources */ = {isa = PBXBuildFile; fileRef = 261597071C85F528005B2BAD /* HomeViewController.m */; };
		2615970B1C85F5CF005B2BAD /* LoginViewController.m in Sources */ = {isa = PBXBuildFile; fileRef = 2615970A1C85F5CF005B2BAD /* LoginViewController.m */; };
		2615970F1C85F610005B2BAD /* NZCountdownButton.m in Sources */ = {isa = PBXBuildFile; fileRef = 2615970E1C85F610005B2BAD /* NZCountdownButton.m */; };
/* End PBXBuildFile section */

/* Begin PBXFileReference section */
		261596EC1C85F4CC005B2BAD /* NZCountdownDemo.app */ = {isa = PBXFileReference; explicitFileType = wrapper.application; includeInIndex = 0; path = NZCountdownDemo.app; sourceTree = BUILT_PRODUCTS_DIR; };
		261596F01C85F4CC005B2BAD /* main.m */ = {isa = PBXFileReference; lastKnownFileType = sourcecode.c.objc; path = main.m; sourceTree = "<group>"; };
		261596F21C85F4CC005B2BAD /* AppDelegate.h */ = {isa = PBXFileReference; lastKnownFileType = sourcecode.c.h; path = AppDelegate.h; sourceTree = "<group>"; };
		261596F31C85F4CC005B2BAD /* AppDelegate.m */ = {isa = PBXFileReference; lastKnownFileType = sourcecode.c.objc; path = AppDelegate.m; sourceTree = "<group>"; };
		261596FB1C85F4CC005B2BAD /* Assets.xcassets */ = {isa = PBXFileReference; lastKnownFileType = folder.assetcatalog; path = Assets.xcassets; sourceTree = "<group>"; };
		261596FE1C85F4CC005B2BAD /* Base */ = {isa = PBXFileReference; lastKnownFileType = file.storyboard; name = Base; path = Base.lproj/LaunchScreen.storyboard; sourceTree = "<group>"; };
		261597001C85F4CC005B2BAD /* Info.plist */ = {isa = PBXFileReference; lastKnownFileType = text.plist.xml; path = Info.plist; sourceTree = "<group>"; };
		261597061C85F527005B2BAD /* HomeViewController.h */ = {isa = PBXFileReference; fileEncoding = 4; lastKnownFileType = sourcecode.c.h; path = HomeViewController.h; sourceTree = "<group>"; };
		261597071C85F528005B2BAD /* HomeViewController.m */ = {isa = PBXFileReference; fileEncoding = 4; lastKnownFileType = sourcecode.c.objc; path = HomeViewController.m; sourceTree = "<group>"; };
		261597091C85F5CF005B2BAD /* LoginViewController.h */ = {isa = PBXFileReference; fileEncoding = 4; lastKnownFileType = sourcecode.c.h; path = LoginViewController.h; sourceTree = "<group>"; };
		2615970A1C85F5CF005B2BAD /* LoginViewController.m */ = {isa = PBXFileReference; fileEncoding = 4; lastKnownFileType = sourcecode.c.objc; path = LoginViewController.m; sourceTree = "<group>"; };
		2615970D1C85F610005B2BAD /* NZCountdownButton.h */ = {isa = PBXFileReference; fileEncoding = 4; lastKnownFileType = sourcecode.c.h; path = NZCountdownButton.h; sourceTree = "<group>"; };
		2615970E1C85F610005B2BAD /* NZCountdownButton.m */ = {isa = PBXFileReference; fileEncoding = 4; lastKnownFileType = sourcecode.c.objc; path = NZCountdownButton.m; sourceTree = "<group>"; };
/* End PBXFileReference section */

/* Begin PBXFrameworksBuildPhase section */
		261596E91C85F4CC005B2BAD /* Frameworks */ = {
			isa = PBXFrameworksBuildPhase;
			buildActionMask = 2147483647;
			files = (
			);
			runOnlyForDeploymentPostprocessing = 0;
		};
/* End PBXFrameworksBuildPhase section */

/* Begin PBXGroup section */
		261596E31C85F4CC005B2BAD = {
			isa = PBXGroup;
			children = (
				261596EE1C85F4CC005B2BAD /* NZCountdownDemo */,
				261596ED1C85F4CC005B2BAD /* Products */,
			);
			sourceTree = "<group>";
		};
		261596ED1C85F4CC005B2BAD /* Products */ = {
			isa = PBXGroup;
			children = (
				261596EC1C85F4CC005B2BAD /* NZCountdownDemo.app */,
			);
			name = Products;
			sourceTree = "<group>";
		};
		261596EE1C85F4CC005B2BAD /* NZCountdownDemo */ = {
			isa = PBXGroup;
			children = (
				2615970C1C85F610005B2BAD /* NZCountdown */,
				261596F21C85F4CC005B2BAD /* AppDelegate.h */,
				261596F31C85F4CC005B2BAD /* AppDelegate.m */,
				261597061C85F527005B2BAD /* HomeViewController.h */,
				261597071C85F528005B2BAD /* HomeViewController.m */,
				261597091C85F5CF005B2BAD /* LoginViewController.h */,
				2615970A1C85F5CF005B2BAD /* LoginViewController.m */,
				261596FB1C85F4CC005B2BAD /* Assets.xcassets */,
				261596FD1C85F4CC005B2BAD /* LaunchScreen.storyboard */,
				261597001C85F4CC005B2BAD /* Info.plist */,
				261596EF1C85F4CC005B2BAD /* Supporting Files */,
			);
			path = NZCountdownDemo;
			sourceTree = "<group>";
		};
		261596EF1C85F4CC005B2BAD /* Supporting Files */ = {
			isa = PBXGroup;
			children = (
				261596F01C85F4CC005B2BAD /* main.m */,
			);
			name = "Supporting Files";
			sourceTree = "<group>";
		};
		2615970C1C85F610005B2BAD /* NZCountdown */ = {
			isa = PBXGroup;
			children = (
				2615970D1C85F610005B2BAD /* NZCountdownButton.h */,
				2615970E1C85F610005B2BAD /* NZCountdownButton.m */,
			);
			path = NZCountdown;
			sourceTree = "<group>";
		};
/* End PBXGroup section */

/* Begin PBXNativeTarget section */
		261596EB1C85F4CC005B2BAD /* NZCountdownDemo */ = {
			isa = PBXNativeTarget;
			buildConfigurationList = 261597031C85F4CC005B2BAD /* Build configuration list for PBXNativeTarget "NZCountdownDemo" */;
			buildPhases = (
				261596E81C85F4CC005B2BAD /* Sources */,
				261596E91C85F4CC005B2BAD /* Frameworks */,
				261596EA1C85F4CC005B2BAD /* Resources */,
			);
			buildRules = (
			);
			dependencies = (
			);
			name = NZCountdownDemo;
			productName = NZCountdownDemo;
			productReference = 261596EC1C85F4CC005B2BAD /* NZCountdownDemo.app */;
			productType = "com.apple.product-type.application";
		};
/* End PBXNativeTarget section */

/* Begin PBXProject section */
		261596E41C85F4CC005B2BAD /* Project object */ = {
			isa = PBXProject;
			attributes = {
				LastUpgradeCheck = 0720;
				ORGANIZATIONNAME = SayDy;
				TargetAttributes = {
					261596EB1C85F4CC005B2BAD = {
						CreatedOnToolsVersion = 7.2;
						DevelopmentTeam = TCXPD9JSSF;
					};
				};
			};
			buildConfigurationList = 261596E71C85F4CC005B2BAD /* Build configuration list for PBXProject "NZCountdownDemo" */;
			compatibilityVersion = "Xcode 3.2";
			developmentRegion = English;
			hasScannedForEncodings = 0;
			knownRegions = (
				en,
				Base,
			);
			mainGroup = 261596E31C85F4CC005B2BAD;
			productRefGroup = 261596ED1C85F4CC005B2BAD /* Products */;
			projectDirPath = "";
			projectRoot = "";
			targets = (
				261596EB1C85F4CC005B2BAD /* NZCountdownDemo */,
			);
		};
/* End PBXProject section */

/* Begin PBXResourcesBuildPhase section */
		261596EA1C85F4CC005B2BAD /* Resources */ = {
			isa = PBXResourcesBuildPhase;
			buildActionMask = 2147483647;
			files = (
				261596FF1C85F4CC005B2BAD /* LaunchScreen.storyboard in Resources */,
				261596FC1C85F4CC005B2BAD /* Assets.xcassets in Resources */,
			);
			runOnlyForDeploymentPostprocessing = 0;
		};
/* End PBXResourcesBuildPhase section */

/* Begin PBXSourcesBuildPhase section */
		261596E81C85F4CC005B2BAD /* Sources */ = {
			isa = PBXSourcesBuildPhase;
			buildActionMask = 2147483647;
			files = (
				2615970B1C85F5CF005B2BAD /* LoginViewController.m in Sources */,
				261596F41C85F4CC005B2BAD /* AppDelegate.m in Sources */,
				261596F11C85F4CC005B2BAD /* main.m in Sources */,
				261597081C85F528005B2BAD /* HomeViewController.m in Sources */,
				2615970F1C85F610005B2BAD /* NZCountdownButton.m in Sources */,
			);
			runOnlyForDeploymentPostprocessing = 0;
		};
/* End PBXSourcesBuildPhase section */

/* Begin PBXVariantGroup section */
		261596FD1C85F4CC005B2BAD /* LaunchScreen.storyboard */ = {
			isa = PBXVariantGroup;
			children = (
				261596FE1C85F4CC005B2BAD /* Base */,
			);
			name = LaunchScreen.storyboard;
			sourceTree = "<group>";
		};
/* End PBXVariantGroup section */

/* Begin XCBuildConfiguration section */
		261597011C85F4CC005B2BAD /* Debug */ = {
			isa = XCBuildConfiguration;
			buildSettings = {
				ALWAYS_SEARCH_USER_PATHS = NO;
				CLANG_CXX_LANGUAGE_STANDARD = "gnu++0x";
				CLANG_CXX_LIBRARY = "libc++";
				CLANG_ENABLE_MODULES = YES;
				CLANG_ENABLE_OBJC_ARC = YES;
				CLANG_WARN_BOOL_CONVERSION = YES;
				CLANG_WARN_CONSTANT_CONVERSION = YES;
				CLANG_WARN_DIRECT_OBJC_ISA_USAGE = YES_ERROR;
				CLANG_WARN_EMPTY_BODY = YES;
				CLANG_WARN_ENUM_CONVERSION = YES;
				CLANG_WARN_INT_CONVERSION = YES;
				CLANG_WARN_OBJC_ROOT_CLASS = YES_ERROR;
				CLANG_WARN_UNREACHABLE_CODE = YES;
				CLANG_WARN__DUPLICATE_METHOD_MATCH = YES;
				"CODE_SIGN_IDENTITY[sdk=iphoneos*]" = "iPhone Developer";
				COPY_PHASE_STRIP = NO;
				DEBUG_INFORMATION_FORMAT = dwarf;
				ENABLE_STRICT_OBJC_MSGSEND = YES;
				ENABLE_TESTABILITY = YES;
				GCC_C_LANGUAGE_STANDARD = gnu99;
				GCC_DYNAMIC_NO_PIC = NO;
				GCC_NO_COMMON_BLOCKS = YES;
				GCC_OPTIMIZATION_LEVEL = 0;
				GCC_PREPROCESSOR_DEFINITIONS = (
					"DEBUG=1",
					"$(inherited)",
				);
				GCC_WARN_64_TO_32_BIT_CONVERSION = YES;
				GCC_WARN_ABOUT_RETURN_TYPE = YES_ERROR;
				GCC_WARN_UNDECLARED_SELECTOR = YES;
				GCC_WARN_UNINITIALIZED_AUTOS = YES_AGGRESSIVE;
				GCC_WARN_UNUSED_FUNCTION = YES;
				GCC_WARN_UNUSED_VARIABLE = YES;
				IPHONEOS_DEPLOYMENT_TARGET = 9.2;
				MTL_ENABLE_DEBUG_INFO = YES;
				ONLY_ACTIVE_ARCH = YES;
				SDKROOT = iphoneos;
			};
			name = Debug;
		};
		261597021C85F4CC005B2BAD /* Release */ = {
			isa = XCBuildConfiguration;
			buildSettings = {
				ALWAYS_SEARCH_USER_PATHS = NO;
				CLANG_CXX_LANGUAGE_STANDARD = "gnu++0x";
				CLANG_CXX_LIBRARY = "libc++";
				CLANG_ENABLE_MODULES = YES;
				CLANG_ENABLE_OBJC_ARC = YES;
				CLANG_WARN_BOOL_CONVERSION = YES;
				CLANG_WARN_CONSTANT_CONVERSION = YES;
				CLANG_WARN_DIRECT_OBJC_ISA_USAGE = YES_ERROR;
				CLANG_WARN_EMPTY_BODY = YES;
				CLANG_WARN_ENUM_CONVERSION = YES;
				CLANG_WARN_INT_CONVERSION = YES;
				CLANG_WARN_OBJC_ROOT_CLASS = YES_ERROR;
				CLANG_WARN_UNREACHABLE_CODE = YES;
				CLANG_WARN__DUPLICATE_METHOD_MATCH = YES;
				"CODE_SIGN_IDENTITY[sdk=iphoneos*]" = "iPhone Developer";
				COPY_PHASE_STRIP = NO;
				DEBUG_INFORMATION_FORMAT = "dwarf-with-dsym";
				ENABLE_NS_ASSERTIONS = NO;
				ENABLE_STRICT_OBJC_MSGSEND = YES;
				GCC_C_LANGUAGE_STANDARD = gnu99;
				GCC_NO_COMMON_BLOCKS = YES;
				GCC_WARN_64_TO_32_BIT_CONVERSION = YES;
				GCC_WARN_ABOUT_RETURN_TYPE = YES_ERROR;
				GCC_WARN_UNDECLARED_SELECTOR = YES;
				GCC_WARN_UNINITIALIZED_AUTOS = YES_AGGRESSIVE;
				GCC_WARN_UNUSED_FUNCTION = YES;
				GCC_WARN_UNUSED_VARIABLE = YES;
				IPHONEOS_DEPLOYMENT_TARGET = 9.2;
				MTL_ENABLE_DEBUG_INFO = NO;
				SDKROOT = iphoneos;
				VALIDATE_PRODUCT = YES;
			};
			name = Release;
		};
		261597041C85F4CC005B2BAD /* Debug */ = {
			isa = XCBuildConfiguration;
			buildSettings = {
				ASSETCATALOG_COMPILER_APPICON_NAME = AppIcon;
				INFOPLIST_FILE = NZCountdownDemo/Info.plist;
				LD_RUNPATH_SEARCH_PATHS = "$(inherited) @executable_path/Frameworks";
				PRODUCT_BUNDLE_IDENTIFIER = sayDy.NZCountdownDemo;
				PRODUCT_NAME = "$(TARGET_NAME)";
			};
			name = Debug;
		};
		261597051C85F4CC005B2BAD /* Release */ = {
			isa = XCBuildConfiguration;
			buildSettings = {
				ASSETCATALOG_COMPILER_APPICON_NAME = AppIcon;
				INFOPLIST_FILE = NZCountdownDemo/Info.plist;
				LD_RUNPATH_SEARCH_PATHS = "$(inherited) @executable_path/Frameworks";
				PRODUCT_BUNDLE_IDENTIFIER = sayDy.NZCountdownDemo;
				PRODUCT_NAME = "$(TARGET_NAME)";
			};
			name = Release;
		};
/* End XCBuildConfiguration section */

/* Begin XCConfigurationList section */
		261596E71C85F4CC005B2BAD /* Build configuration list for PBXProject "NZCountdownDemo" */ = {
			isa = XCConfigurationList;
			buildConfigurations = (
				261597011C85F4CC005B2BAD /* Debug */,
				261597021C85F4CC005B2BAD /* Release */,
			);
			defaultConfigurationIsVisible = 0;
			defaultConfigurationName = Release;
		};
		261597031C85F4CC005B2BAD /* Build configuration list for PBXNativeTarget "NZCountdownDemo" */ = {
			isa = XCConfigurationList;
			buildConfigurations = (
				261597041C85F4CC005B2BAD /* Debug */,
				261597051C85F4CC005B2BAD /* Release */,
			);
			defaultConfigurationIsVisible = 0;
		};
/* End XCConfigurationList section */
	};
	rootObject = 261596E41C85F4CC005B2BAD /* Project object */;
}
